
Microsoft Visual Studio Solution File, Format Version 12.00
# Visual Studio 15
VisualStudioVersion = 15.0.26730.3
MinimumVisualStudioVersion = 10.0.40219.1
Project("{FAE04EC0-301F-11D3-BF4B-00C04F79EFBC}") = "Test1708151058", "Test1708151058\Test1708151058.csproj", "{5DE175C4-5022-4218-9E88-C2CCB91F8EEA}"
EndProject
Project("{FAE04EC0-301F-11D3-BF4B-00C04F79EFBC}") = "Test1708151058.Tests", "Test1708151058.Tests\Test1708151058.Tests.csproj", "{5FE4BE15-6793-476B-BAC2-CDC478EEEEE9}"
EndProject
Global
	GlobalSection(SolutionConfigurationPlatforms) = preSolution
		Debug|Any CPU = Debug|Any CPU
		Debug|x86 = Debug|x86
		Release|Any CPU = Release|Any CPU
		Release|x86 = Release|x86
	EndGlobalSection
	GlobalSection(ProjectConfigurationPlatforms) = postSolution
		{5DE175C4-5022-4218-9E88-C2CCB91F8EEA}.Debug|Any CPU.ActiveCfg = Debug|Any CPU
		{5DE175C4-5022-4218-9E88-C2CCB91F8EEA}.Debug|Any CPU.Build.0 = Debug|Any CPU
		{5DE175C4-5022-4218-9E88-C2CCB91F8EEA}.Debug|x86.ActiveCfg = Debug|x86
		{5DE175C4-5022-4218-9E88-C2CCB91F8EEA}.Debug|x86.Build.0 = Debug|x86
		{5DE175C4-5022-4218-9E88-C2CCB91F8EEA}.Release|Any CPU.ActiveCfg = Release|Any CPU
		{5DE175C4-5022-4218-9E88-C2CCB91F8EEA}.Release|Any CPU.Build.0 = Release|Any CPU
		{5DE175C4-5022-4218-9E88-C2CCB91F8EEA}.Release|x86.ActiveCfg = Release|x86
		{5DE175C4-5022-4218-9E88-C2CCB91F8EEA}.Release|x86.Build.0 = Release|x86
		{5FE4BE15-6793-476B-BAC2-CDC478EEEEE9}.Debug|Any CPU.ActiveCfg = Debug|Any CPU
		{5FE4BE15-6793-476B-BAC2-CDC478EEEEE9}.Debug|Any CPU.Build.0 = Debug|Any CPU
		{5FE4BE15-6793-476B-BAC2-CDC478EEEEE9}.Debug|x86.ActiveCfg = Debug|Any CPU
		{5FE4BE15-6793-476B-BAC2-CDC478EEEEE9}.Debug|x86.Build.0 = Debug|Any CPU
		{5FE4BE15-6793-476B-BAC2-CDC478EEEEE9}.Release|Any CPU.ActiveCfg = Release|Any CPU
		{5FE4BE15-6793-476B-BAC2-CDC478EEEEE9}.Release|Any CPU.Build.0 = Release|Any CPU
		{5FE4BE15-6793-476B-BAC2-CDC478EEEEE9}.Release|x86.ActiveCfg = Release|Any CPU
		{5FE4BE15-6793-476B-BAC2-CDC478EEEEE9}.Release|x86.Build.0 = Release|Any CPU
	EndGlobalSection
	GlobalSection(SolutionProperties) = preSolution
		HideSolutionNode = FALSE
	EndGlobalSection
	GlobalSection(ExtensibilityGlobals) = postSolution
		SolutionGuid = {EEC80A4A-E7C2-4049-974B-CF0CEF84D0E3}
	EndGlobalSection
EndGlobal
