
Microsoft Visual Studio Solution File, Format Version 12.00
# Visual Studio 15
VisualStudioVersion = 15.0.26430.15
MinimumVisualStudioVersion = 10.0.40219.1
Project("{FAE04EC0-301F-11D3-BF4B-00C04F79EFBC}") = "ReportServiceTest", "ReportServiceTest\ReportServiceTest.csproj", "{ECEA8BE5-D806-4496-8C82-B5E5AFD12533}"
EndProject
Global
	GlobalSection(SolutionConfigurationPlatforms) = preSolution
		Debug|Any CPU = Debug|Any CPU
		Release|Any CPU = Release|Any CPU
	EndGlobalSection
	GlobalSection(ProjectConfigurationPlatforms) = postSolution
		{ECEA8BE5-D806-4496-8C82-B5E5AFD12533}.Debug|Any CPU.ActiveCfg = Debug|Any CPU
		{ECEA8BE5-D806-4496-8C82-B5E5AFD12533}.Debug|Any CPU.Build.0 = Debug|Any CPU
		{ECEA8BE5-D806-4496-8C82-B5E5AFD12533}.Release|Any CPU.ActiveCfg = Release|Any CPU
		{ECEA8BE5-D806-4496-8C82-B5E5AFD12533}.Release|Any CPU.Build.0 = Release|Any CPU
	EndGlobalSection
	GlobalSection(SolutionProperties) = preSolution
		HideSolutionNode = FALSE
	EndGlobalSection
EndGlobal
