
Microsoft Visual Studio Solution File, Format Version 12.00
# Visual Studio 15
VisualStudioVersion = 15.0.26430.16
MinimumVisualStudioVersion = 10.0.40219.1
Project("{FAE04EC0-301F-11D3-BF4B-00C04F79EFBC}") = "Test-1708071632", "Test-1708071632\Test-1708071632.csproj", "{BE678A48-184C-4901-99E7-D0797A6F1CF2}"
EndProject
Global
	GlobalSection(SolutionConfigurationPlatforms) = preSolution
		Debug|Any CPU = Debug|Any CPU
		Release|Any CPU = Release|Any CPU
	EndGlobalSection
	GlobalSection(ProjectConfigurationPlatforms) = postSolution
		{BE678A48-184C-4901-99E7-D0797A6F1CF2}.Debug|Any CPU.ActiveCfg = Debug|Any CPU
		{BE678A48-184C-4901-99E7-D0797A6F1CF2}.Debug|Any CPU.Build.0 = Debug|Any CPU
		{BE678A48-184C-4901-99E7-D0797A6F1CF2}.Release|Any CPU.ActiveCfg = Release|Any CPU
		{BE678A48-184C-4901-99E7-D0797A6F1CF2}.Release|Any CPU.Build.0 = Release|Any CPU
	EndGlobalSection
	GlobalSection(SolutionProperties) = preSolution
		HideSolutionNode = FALSE
	EndGlobalSection
EndGlobal
