
Microsoft Visual Studio Solution File, Format Version 12.00
# Visual Studio 15
VisualStudioVersion = 15.0.26730.3
MinimumVisualStudioVersion = 10.0.40219.1
Project("{FAE04EC0-301F-11D3-BF4B-00C04F79EFBC}") = "Test-1708171006", "Test-1708171006\Test-1708171006.csproj", "{CCB8CF14-6D78-4034-9F7C-7137187F7B1F}"
EndProject
Global
	GlobalSection(SolutionConfigurationPlatforms) = preSolution
		Debug|Any CPU = Debug|Any CPU
		Release|Any CPU = Release|Any CPU
	EndGlobalSection
	GlobalSection(ProjectConfigurationPlatforms) = postSolution
		{CCB8CF14-6D78-4034-9F7C-7137187F7B1F}.Debug|Any CPU.ActiveCfg = Debug|Any CPU
		{CCB8CF14-6D78-4034-9F7C-7137187F7B1F}.Debug|Any CPU.Build.0 = Debug|Any CPU
		{CCB8CF14-6D78-4034-9F7C-7137187F7B1F}.Release|Any CPU.ActiveCfg = Release|Any CPU
		{CCB8CF14-6D78-4034-9F7C-7137187F7B1F}.Release|Any CPU.Build.0 = Release|Any CPU
	EndGlobalSection
	GlobalSection(SolutionProperties) = preSolution
		HideSolutionNode = FALSE
	EndGlobalSection
	GlobalSection(ExtensibilityGlobals) = postSolution
		SolutionGuid = {35C61D30-1B0B-4A83-9D79-A864411F0268}
	EndGlobalSection
EndGlobal
